
Microsoft Visual Studio Solution File, Format Version 12.00
# Visual Studio 2013
VisualStudioVersion = 12.0.21005.1
MinimumVisualStudioVersion = 10.0.40219.1
Project("{FAE04EC0-301F-11D3-BF4B-00C04F79EFBC}") = "Database_A2", "Database_A2\Database_A2.csproj", "{851F7F0A-A023-4E61-A19F-0336B2198ADA}"
EndProject
Global
	GlobalSection(SolutionConfigurationPlatforms) = preSolution
		Debug|Any CPU = Debug|Any CPU
		Release|Any CPU = Release|Any CPU
	EndGlobalSection
	GlobalSection(ProjectConfigurationPlatforms) = postSolution
		{851F7F0A-A023-4E61-A19F-0336B2198ADA}.Debug|Any CPU.ActiveCfg = Debug|Any CPU
		{851F7F0A-A023-4E61-A19F-0336B2198ADA}.Debug|Any CPU.Build.0 = Debug|Any CPU
		{851F7F0A-A023-4E61-A19F-0336B2198ADA}.Release|Any CPU.ActiveCfg = Release|Any CPU
		{851F7F0A-A023-4E61-A19F-0336B2198ADA}.Release|Any CPU.Build.0 = Release|Any CPU
	EndGlobalSection
	GlobalSection(SolutionProperties) = preSolution
		HideSolutionNode = FALSE
	EndGlobalSection
EndGlobal
